PODS:
  - FBSnapshotTestCase (2.1.4):
    - FBSnapshotTestCase/SwiftSupport (= 2.1.4)
  - FBSnapshotTestCase/Core (2.1.4)
  - FBSnapshotTestCase/SwiftSupport (2.1.4):
    - FBSnapshotTestCase/Core
  - JZYSaveLibrary (0.1.0)

DEPENDENCIES:
  - FBSnapshotTestCase
  - JZYSaveLibrary (from `../`)

SPEC REPOS:
  trunk:
    - FBSnapshotTestCase

EXTERNAL SOURCES:
  JZYSaveLibrary:
    :path: "../"

SPEC CHECKSUMS:
  FBSnapshotTestCase: 094f9f314decbabe373b87cc339bea235a63e07a
  JZYSaveLibrary: c451cdb50ccbe28ae90357c7b4c5f8aad3663b57

PODFILE CHECKSUM: 335d93476268775b80d250a632dc98d92b43b971

COCOAPODS: 1.9.1
