PODS:
  - FBSnapshotTestCase (2.1.4):
    - FBSnapshotTestCase/SwiftSupport (= 2.1.4)
  - FBSnapshotTestCase/Core (2.1.4)
  - FBSnapshotTestCase/SwiftSupport (2.1.4):
    - FBSnapshotTestCase/Core
  - JZYSaveLibrary (0.1.0)

DEPENDENCIES:
  - FBSnapshotTestCase
  - JZYSaveLibrary (from `../`)

SPEC REPOS:
  https://github.com/CocoaPods/Specs.git:
    - FBSnapshotTestCase

EXTERNAL SOURCES:
  JZYSaveLibrary:
    :path: "../"

SPEC CHECKSUMS:
  FBSnapshotTestCase: 094f9f314decbabe373b87cc339bea235a63e07a
  JZYSaveLibrary: 4fc15c6ce55ef5363441739ce1135070a355d1db

PODFILE CHECKSUM: 8cdb13bc6efb6b7b74744447d35ba003c981efe9

COCOAPODS: 1.9.1
